
Microsoft Visual Studio Solution File, Format Version 12.00
# Visual Studio Version 16
VisualStudioVersion = 16.0.29009.5
MinimumVisualStudioVersion = 10.0.40219.1
Project("{FAE04EC0-301F-11D3-BF4B-00C04F79EFBC}") = "BitlyShortURL", "BitlyShortURL\BitlyShortURL.csproj", "{611C5726-5FEA-4C60-9B84-FCC6A9EA5CE6}"
EndProject
Global
	GlobalSection(SolutionConfigurationPlatforms) = preSolution
		Debug|Any CPU = Debug|Any CPU
		Release|Any CPU = Release|Any CPU
	EndGlobalSection
	GlobalSection(ProjectConfigurationPlatforms) = postSolution
		{611C5726-5FEA-4C60-9B84-FCC6A9EA5CE6}.Debug|Any CPU.ActiveCfg = Debug|Any CPU
		{611C5726-5FEA-4C60-9B84-FCC6A9EA5CE6}.Debug|Any CPU.Build.0 = Debug|Any CPU
		{611C5726-5FEA-4C60-9B84-FCC6A9EA5CE6}.Release|Any CPU.ActiveCfg = Release|Any CPU
		{611C5726-5FEA-4C60-9B84-FCC6A9EA5CE6}.Release|Any CPU.Build.0 = Release|Any CPU
	EndGlobalSection
	GlobalSection(SolutionProperties) = preSolution
		HideSolutionNode = FALSE
	EndGlobalSection
	GlobalSection(ExtensibilityGlobals) = postSolution
		SolutionGuid = {FED8B79B-AEC6-4EA2-8B23-7A099BEA3334}
	EndGlobalSection
EndGlobal
